// !$*UTF8*$!
{
	archiveVersion = 1;
	classes = {
	};
	objectVersion = 77;
	objects = {

/* Begin PBXBuildFile section */
		A11A942130577CAC001D0589 /* AppDelegate.swift in Sources */ = {isa = PBXBuildFile; fileRef = A11A942030577CAC001D0589 /* AppDelegate.swift */; };
		A11A942530577CAC001D0589 /* Main.html in Resources */ = {isa = PBXBuildFile; fileRef = A11A942330577CAC001D0589 /* Main.html */; };
		A11A942730577CAC001D0589 /* Icon.png in Resources */ = {isa = PBXBuildFile; fileRef = A11A942630577CAC001D0589 /* Icon.png */; };
		A11A942930577CAC001D0589 /* Style.css in Resources */ = {isa = PBXBuildFile; fileRef = A11A942830577CAC001D0589 /* Style.css */; };
		A11A942B30577CAC001D0589 /* Script.js in Resources */ = {isa = PBXBuildFile; fileRef = A11A942A30577CAC001D0589 /* Script.js */; };
		A11A942D30577CAC001D0589 /* ViewController.swift in Sources */ = {isa = PBXBuildFile; fileRef = A11A942C30577CAC001D0589 /* ViewController.swift */; };
		A11A943030577CAC001D0589 /* Main.storyboard in Resources */ = {isa = PBXBuildFile; fileRef = A11A942E30577CAC001D0589 /* Main.storyboard */; };
		A11A943230577CAD001D0589 /* Assets.xcassets in Resources */ = {isa = PBXBuildFile; fileRef = A11A943130577CAD001D0589 /* Assets.xcassets */; };
		A11A943930577CAD001D0589 /* HII New Tab Extension.appex in Embed Foundation Extensions */ = {isa = PBXBuildFile; fileRef = A11A943830577CAD001D0589 /* HII New Tab Extension.appex */; settings = {ATTRIBUTES = (RemoveHeadersOnCopy, ); }; };
		A11A943E30577CAD001D0589 /* SafariWebExtensionHandler.swift in Sources */ = {isa = PBXBuildFile; fileRef = A11A943D30577CAD001D0589 /* SafariWebExtensionHandler.swift */; };
		A11A944E30577CAD001D0589 /* newtab.js in Resources */ = {isa = PBXBuildFile; fileRef = A11A944A30577CAD001D0589 /* newtab.js */; };
		A11A944F30577CAD001D0589 /* newtab.html in Resources */ = {isa = PBXBuildFile; fileRef = A11A944B30577CAD001D0589 /* newtab.html */; };
		A11A945030577CAD001D0589 /* manifest.json in Resources */ = {isa = PBXBuildFile; fileRef = A11A944C30577CAD001D0589 /* manifest.json */; };
		A11A945130577CAD001D0589 /* newtab.css in Resources */ = {isa = PBXBuildFile; fileRef = A11A944D30577CAD001D0589 /* newtab.css */; };
/* End PBXBuildFile section */

/* Begin PBXContainerItemProxy section */
		A11A943A30577CAD001D0589 /* PBXContainerItemProxy */ = {
			isa = PBXContainerItemProxy;
			containerPortal = A11A941530577CAC001D0589 /* Project object */;
			proxyType = 1;
			remoteGlobalIDString = A11A943730577CAD001D0589;
			remoteInfo = "HII New Tab Extension";
		};
/* End PBXContainerItemProxy section */

/* Begin PBXCopyFilesBuildPhase section */
		A11A944530577CAD001D0589 /* Embed Foundation Extensions */ = {
			isa = PBXCopyFilesBuildPhase;
			buildActionMask = 2147483647;
			dstPath = "";
			dstSubfolderSpec = 13;
			files = (
				A11A943930577CAD001D0589 /* HII New Tab Extension.appex in Embed Foundation Extensions */,
			);
			name = "Embed Foundation Extensions";
			runOnlyForDeploymentPostprocessing = 0;
		};
/* End PBXCopyFilesBuildPhase section */

/* Begin PBXFileReference section */
		A11A941D30577CAC001D0589 /* HII New Tab.app */ = {isa = PBXFileReference; explicitFileType = wrapper.application; includeInIndex = 0; path = "HII New Tab.app"; sourceTree = BUILT_PRODUCTS_DIR; };
		A11A942030577CAC001D0589 /* AppDelegate.swift */ = {isa = PBXFileReference; lastKnownFileType = sourcecode.swift; path = AppDelegate.swift; sourceTree = "<group>"; };
		A11A942430577CAC001D0589 /* Base */ = {isa = PBXFileReference; lastKnownFileType = text.html; name = Base; path = Base.lproj/Main.html; sourceTree = "<group>"; };
		A11A942630577CAC001D0589 /* Icon.png */ = {isa = PBXFileReference; lastKnownFileType = image.png; path = Icon.png; sourceTree = "<group>"; };
		A11A942830577CAC001D0589 /* Style.css */ = {isa = PBXFileReference; lastKnownFileType = text.css; path = Style.css; sourceTree = "<group>"; };
		A11A942A30577CAC001D0589 /* Script.js */ = {isa = PBXFileReference; lastKnownFileType = sourcecode.javascript; path = Script.js; sourceTree = "<group>"; };
		A11A942C30577CAC001D0589 /* ViewController.swift */ = {isa = PBXFileReference; lastKnownFileType = sourcecode.swift; path = ViewController.swift; sourceTree = "<group>"; };
		A11A942F30577CAC001D0589 /* Base */ = {isa = PBXFileReference; lastKnownFileType = file.storyboard; name = Base; path = Base.lproj/Main.storyboard; sourceTree = "<group>"; };
		A11A943130577CAD001D0589 /* Assets.xcassets */ = {isa = PBXFileReference; lastKnownFileType = folder.assetcatalog; path = Assets.xcassets; sourceTree = "<group>"; };
		A11A943330577CAD001D0589 /* Info.plist */ = {isa = PBXFileReference; lastKnownFileType = text.plist.xml; path = Info.plist; sourceTree = "<group>"; };
		A11A943830577CAD001D0589 /* HII New Tab Extension.appex */ = {isa = PBXFileReference; explicitFileType = "wrapper.app-extension"; includeInIndex = 0; path = "HII New Tab Extension.appex"; sourceTree = BUILT_PRODUCTS_DIR; };
		A11A943D30577CAD001D0589 /* SafariWebExtensionHandler.swift */ = {isa = PBXFileReference; lastKnownFileType = sourcecode.swift; path = SafariWebExtensionHandler.swift; sourceTree = "<group>"; };
		A11A943F30577CAD001D0589 /* Info.plist */ = {isa = PBXFileReference; lastKnownFileType = text.plist.xml; path = Info.plist; sourceTree = "<group>"; };
		A11A944A30577CAD001D0589 /* newtab.js */ = {isa = PBXFileReference; lastKnownFileType = sourcecode.javascript; name = newtab.js; path = Resources/newtab.js; sourceTree = "<group>"; };
		A11A944B30577CAD001D0589 /* newtab.html */ = {isa = PBXFileReference; lastKnownFileType = text.html; name = newtab.html; path = Resources/newtab.html; sourceTree = "<group>"; };
		A11A944C30577CAD001D0589 /* manifest.json */ = {isa = PBXFileReference; lastKnownFileType = text.json; name = manifest.json; path = Resources/manifest.json; sourceTree = "<group>"; };
		A11A944D30577CAD001D0589 /* newtab.css */ = {isa = PBXFileReference; lastKnownFileType = text.css; name = newtab.css; path = Resources/newtab.css; sourceTree = "<group>"; };
/* End PBXFileReference section */

/* Begin PBXFrameworksBuildPhase section */
		A11A941A30577CAC001D0589 /* Frameworks */ = {
			isa = PBXFrameworksBuildPhase;
			buildActionMask = 2147483647;
			files = (
			);
			runOnlyForDeploymentPostprocessing = 0;
		};
		A11A943530577CAD001D0589 /* Frameworks */ = {
			isa = PBXFrameworksBuildPhase;
			buildActionMask = 2147483647;
			files = (
			);
			runOnlyForDeploymentPostprocessing = 0;
		};
/* End PBXFrameworksBuildPhase section */

/* Begin PBXGroup section */
		A11A941430577CAC001D0589 = {
			isa = PBXGroup;
			children = (
				A11A941F30577CAC001D0589 /* HII New Tab */,
				A11A943C30577CAD001D0589 /* HII New Tab Extension */,
				A11A941E30577CAC001D0589 /* Products */,
			);
			sourceTree = "<group>";
		};
		A11A941E30577CAC001D0589 /* Products */ = {
			isa = PBXGroup;
			children = (
				A11A941D30577CAC001D0589 /* HII New Tab.app */,
				A11A943830577CAD001D0589 /* HII New Tab Extension.appex */,
			);
			name = Products;
			sourceTree = "<group>";
		};
		A11A941F30577CAC001D0589 /* HII New Tab */ = {
			isa = PBXGroup;
			children = (
				A11A942030577CAC001D0589 /* AppDelegate.swift */,
				A11A942C30577CAC001D0589 /* ViewController.swift */,
				A11A942E30577CAC001D0589 /* Main.storyboard */,
				A11A943130577CAD001D0589 /* Assets.xcassets */,
				A11A943330577CAD001D0589 /* Info.plist */,
				A11A942230577CAC001D0589 /* Resources */,
			);
			path = "HII New Tab";
			sourceTree = "<group>";
		};
		A11A942230577CAC001D0589 /* Resources */ = {
			isa = PBXGroup;
			children = (
				A11A942330577CAC001D0589 /* Main.html */,
				A11A942630577CAC001D0589 /* Icon.png */,
				A11A942830577CAC001D0589 /* Style.css */,
				A11A942A30577CAC001D0589 /* Script.js */,
			);
			path = Resources;
			sourceTree = "<group>";
		};
		A11A943C30577CAD001D0589 /* HII New Tab Extension */ = {
			isa = PBXGroup;
			children = (
				A11A944930577CAD001D0589 /* Resources */,
				A11A943D30577CAD001D0589 /* SafariWebExtensionHandler.swift */,
				A11A943F30577CAD001D0589 /* Info.plist */,
			);
			path = "HII New Tab Extension";
			sourceTree = "<group>";
		};
		A11A944930577CAD001D0589 /* Resources */ = {
			isa = PBXGroup;
			children = (
				A11A944A30577CAD001D0589 /* newtab.js */,
				A11A944B30577CAD001D0589 /* newtab.html */,
				A11A944C30577CAD001D0589 /* manifest.json */,
				A11A944D30577CAD001D0589 /* newtab.css */,
			);
			name = Resources;
			path = "HII New Tab Extension";
			sourceTree = SOURCE_ROOT;
		};
/* End PBXGroup section */

/* Begin PBXNativeTarget section */
		A11A941C30577CAC001D0589 /* HII New Tab */ = {
			isa = PBXNativeTarget;
			buildConfigurationList = A11A944630577CAD001D0589 /* Build configuration list for PBXNativeTarget "HII New Tab" */;
			buildPhases = (
				A11A941930577CAC001D0589 /* Sources */,
				A11A941A30577CAC001D0589 /* Frameworks */,
				A11A941B30577CAC001D0589 /* Resources */,
				A11A944530577CAD001D0589 /* Embed Foundation Extensions */,
			);
			buildRules = (
			);
			dependencies = (
				A11A943B30577CAD001D0589 /* PBXTargetDependency */,
			);
			name = "HII New Tab";
			packageProductDependencies = (
			);
			productName = "HII New Tab";
			productReference = A11A941D30577CAC001D0589 /* HII New Tab.app */;
			productType = "com.apple.product-type.application";
		};
		A11A943730577CAD001D0589 /* HII New Tab Extension */ = {
			isa = PBXNativeTarget;
			buildConfigurationList = A11A944230577CAD001D0589 /* Build configuration list for PBXNativeTarget "HII New Tab Extension" */;
			buildPhases = (
				A11A943430577CAD001D0589 /* Sources */,
				A11A943530577CAD001D0589 /* Frameworks */,
				A11A943630577CAD001D0589 /* Resources */,
			);
			buildRules = (
			);
			dependencies = (
			);
			name = "HII New Tab Extension";
			packageProductDependencies = (
			);
			productName = "HII New Tab Extension";
			productReference = A11A943830577CAD001D0589 /* HII New Tab Extension.appex */;
			productType = "com.apple.product-type.app-extension";
		};
/* End PBXNativeTarget section */

/* Begin PBXProject section */
		A11A941530577CAC001D0589 /* Project object */ = {
			isa = PBXProject;
			attributes = {
				BuildIndependentTargetsInParallel = 1;
				LastSwiftUpdateCheck = 2640;
				LastUpgradeCheck = 2640;
				TargetAttributes = {
					A11A941C30577CAC001D0589 = {
						CreatedOnToolsVersion = 26.4;
					};
					A11A943730577CAD001D0589 = {
						CreatedOnToolsVersion = 26.4;
					};
				};
			};
			buildConfigurationList = A11A941830577CAC001D0589 /* Build configuration list for PBXProject "HII New Tab" */;
			developmentRegion = en;
			hasScannedForEncodings = 0;
			knownRegions = (
				en,
				Base,
			);
			mainGroup = A11A941430577CAC001D0589;
			minimizedProjectReferenceProxies = 1;
			preferredProjectObjectVersion = 77;
			productRefGroup = A11A941E30577CAC001D0589 /* Products */;
			projectDirPath = "";
			projectRoot = "";
			targets = (
				A11A941C30577CAC001D0589 /* HII New Tab */,
				A11A943730577CAD001D0589 /* HII New Tab Extension */,
			);
		};
/* End PBXProject section */

/* Begin PBXResourcesBuildPhase section */
		A11A941B30577CAC001D0589 /* Resources */ = {
			isa = PBXResourcesBuildPhase;
			buildActionMask = 2147483647;
			files = (
				A11A942730577CAC001D0589 /* Icon.png in Resources */,
				A11A943030577CAC001D0589 /* Main.storyboard in Resources */,
				A11A942B30577CAC001D0589 /* Script.js in Resources */,
				A11A942530577CAC001D0589 /* Main.html in Resources */,
				A11A943230577CAD001D0589 /* Assets.xcassets in Resources */,
				A11A942930577CAC001D0589 /* Style.css in Resources */,
			);
			runOnlyForDeploymentPostprocessing = 0;
		};
		A11A943630577CAD001D0589 /* Resources */ = {
			isa = PBXResourcesBuildPhase;
			buildActionMask = 2147483647;
			files = (
				A11A944E30577CAD001D0589 /* newtab.js in Resources */,
				A11A945030577CAD001D0589 /* manifest.json in Resources */,
				A11A945130577CAD001D0589 /* newtab.css in Resources */,
				A11A944F30577CAD001D0589 /* newtab.html in Resources */,
			);
			runOnlyForDeploymentPostprocessing = 0;
		};
/* End PBXResourcesBuildPhase section */

/* Begin PBXSourcesBuildPhase section */
		A11A941930577CAC001D0589 /* Sources */ = {
			isa = PBXSourcesBuildPhase;
			buildActionMask = 2147483647;
			files = (
				A11A942D30577CAC001D0589 /* ViewController.swift in Sources */,
				A11A942130577CAC001D0589 /* AppDelegate.swift in Sources */,
			);
			runOnlyForDeploymentPostprocessing = 0;
		};
		A11A943430577CAD001D0589 /* Sources */ = {
			isa = PBXSourcesBuildPhase;
			buildActionMask = 2147483647;
			files = (
				A11A943E30577CAD001D0589 /* SafariWebExtensionHandler.swift in Sources */,
			);
			runOnlyForDeploymentPostprocessing = 0;
		};
/* End PBXSourcesBuildPhase section */

/* Begin PBXTargetDependency section */
		A11A943B30577CAD001D0589 /* PBXTargetDependency */ = {
			isa = PBXTargetDependency;
			target = A11A943730577CAD001D0589 /* HII New Tab Extension */;
			targetProxy = A11A943A30577CAD001D0589 /* PBXContainerItemProxy */;
		};
/* End PBXTargetDependency section */

/* Begin PBXVariantGroup section */
		A11A942330577CAC001D0589 /* Main.html */ = {
			isa = PBXVariantGroup;
			children = (
				A11A942430577CAC001D0589 /* Base */,
			);
			name = Main.html;
			sourceTree = "<group>";
		};
		A11A942E30577CAC001D0589 /* Main.storyboard */ = {
			isa = PBXVariantGroup;
			children = (
				A11A942F30577CAC001D0589 /* Base */,
			);
			name = Main.storyboard;
			sourceTree = "<group>";
		};
/* End PBXVariantGroup section */

/* Begin XCBuildConfiguration section */
		A11A944030577CAD001D0589 /* Debug */ = {
			isa = XCBuildConfiguration;
			buildSettings = {
				ALWAYS_SEARCH_USER_PATHS = NO;
				ASSETCATALOG_COMPILER_GENERATE_SWIFT_ASSET_SYMBOL_EXTENSIONS = YES;
				CLANG_ANALYZER_NONNULL = YES;
				CLANG_ANALYZER_NUMBER_OBJECT_CONVERSION = YES_AGGRESSIVE;
				CLANG_CXX_LANGUAGE_STANDARD = "gnu++20";
				CLANG_ENABLE_MODULES = YES;
				CLANG_ENABLE_OBJC_ARC = YES;
				CLANG_ENABLE_OBJC_WEAK = YES;
				CLANG_WARN_BLOCK_CAPTURE_AUTORELEASING = YES;
				CLANG_WARN_BOOL_CONVERSION = YES;
				CLANG_WARN_COMMA = YES;
				CLANG_WARN_CONSTANT_CONVERSION = YES;
				CLANG_WARN_DEPRECATED_OBJC_IMPLEMENTATIONS = YES;
				CLANG_WARN_DIRECT_OBJC_ISA_USAGE = YES_ERROR;
				CLANG_WARN_DOCUMENTATION_COMMENTS = YES;
				CLANG_WARN_EMPTY_BODY = YES;
				CLANG_WARN_ENUM_CONVERSION = YES;
				CLANG_WARN_INFINITE_RECURSION = YES;
				CLANG_WARN_INT_CONVERSION = YES;
				CLANG_WARN_NON_LITERAL_NULL_CONVERSION = YES;
				CLANG_WARN_OBJC_IMPLICIT_RETAIN_SELF = YES;
				CLANG_WARN_OBJC_LITERAL_CONVERSION = YES;
				CLANG_WARN_OBJC_ROOT_CLASS = YES_ERROR;
				CLANG_WARN_QUOTED_INCLUDE_IN_FRAMEWORK_HEADER = YES;
				CLANG_WARN_RANGE_LOOP_ANALYSIS = YES;
				CLANG_WARN_STRICT_PROTOTYPES = YES;
				CLANG_WARN_SUSPICIOUS_MOVE = YES;
				CLANG_WARN_UNGUARDED_AVAILABILITY = YES_AGGRESSIVE;
				CLANG_WARN_UNREACHABLE_CODE = YES;
				CLANG_WARN__DUPLICATE_METHOD_MATCH = YES;
				COPY_PHASE_STRIP = NO;
				DEBUG_INFORMATION_FORMAT = dwarf;
				ENABLE_STRICT_OBJC_MSGSEND = YES;
				ENABLE_TESTABILITY = YES;
				ENABLE_USER_SCRIPT_SANDBOXING = YES;
				GCC_C_LANGUAGE_STANDARD = gnu17;
				GCC_DYNAMIC_NO_PIC = NO;
				GCC_NO_COMMON_BLOCKS = YES;
				GCC_OPTIMIZATION_LEVEL = 0;
				GCC_PREPROCESSOR_DEFINITIONS = (
					"DEBUG=1",
					"$(inherited)",
				);
				GCC_WARN_64_TO_32_BIT_CONVERSION = YES;
				GCC_WARN_ABOUT_RETURN_TYPE = YES_ERROR;
				GCC_WARN_UNDECLARED_SELECTOR = YES;
				GCC_WARN_UNINITIALIZED_AUTOS = YES_AGGRESSIVE;
				GCC_WARN_UNUSED_FUNCTION = YES;
				GCC_WARN_UNUSED_VARIABLE = YES;
				LOCALIZATION_PREFERS_STRING_CATALOGS = YES;
				MACOSX_DEPLOYMENT_TARGET = 26.4;
				MTL_ENABLE_DEBUG_INFO = INCLUDE_SOURCE;
				MTL_FAST_MATH = YES;
				ONLY_ACTIVE_ARCH = YES;
				SDKROOT = macosx;
				SWIFT_ACTIVE_COMPILATION_CONDITIONS = "DEBUG $(inherited)";
				SWIFT_OPTIMIZATION_LEVEL = "-Onone";
			};
			name = Debug;
		};
		A11A944130577CAD001D0589 /* Release */ = {
			isa = XCBuildConfiguration;
			buildSettings = {
				ALWAYS_SEARCH_USER_PATHS = NO;
				ASSETCATALOG_COMPILER_GENERATE_SWIFT_ASSET_SYMBOL_EXTENSIONS = YES;
				CLANG_ANALYZER_NONNULL = YES;
				CLANG_ANALYZER_NUMBER_OBJECT_CONVERSION = YES_AGGRESSIVE;
				CLANG_CXX_LANGUAGE_STANDARD = "gnu++20";
				CLANG_ENABLE_MODULES = YES;
				CLANG_ENABLE_OBJC_ARC = YES;
				CLANG_ENABLE_OBJC_WEAK = YES;
				CLANG_WARN_BLOCK_CAPTURE_AUTORELEASING = YES;
				CLANG_WARN_BOOL_CONVERSION = YES;
				CLANG_WARN_COMMA = YES;
				CLANG_WARN_CONSTANT_CONVERSION = YES;
				CLANG_WARN_DEPRECATED_OBJC_IMPLEMENTATIONS = YES;
				CLANG_WARN_DIRECT_OBJC_ISA_USAGE = YES_ERROR;
				CLANG_WARN_DOCUMENTATION_COMMENTS = YES;
				CLANG_WARN_EMPTY_BODY = YES;
				CLANG_WARN_ENUM_CONVERSION = YES;
				CLANG_WARN_INFINITE_RECURSION = YES;
				CLANG_WARN_INT_CONVERSION = YES;
				CLANG_WARN_NON_LITERAL_NULL_CONVERSION = YES;
				CLANG_WARN_OBJC_IMPLICIT_RETAIN_SELF = YES;
				CLANG_WARN_OBJC_LITERAL_CONVERSION = YES;
				CLANG_WARN_OBJC_ROOT_CLASS = YES_ERROR;
				CLANG_WARN_QUOTED_INCLUDE_IN_FRAMEWORK_HEADER = YES;
				CLANG_WARN_RANGE_LOOP_ANALYSIS = YES;
				CLANG_WARN_STRICT_PROTOTYPES = YES;
				CLANG_WARN_SUSPICIOUS_MOVE = YES;
				CLANG_WARN_UNGUARDED_AVAILABILITY = YES_AGGRESSIVE;
				CLANG_WARN_UNREACHABLE_CODE = YES;
				CLANG_WARN__DUPLICATE_METHOD_MATCH = YES;
				COPY_PHASE_STRIP = NO;
				DEBUG_INFORMATION_FORMAT = "dwarf-with-dsym";
				ENABLE_NS_ASSERTIONS = NO;
				ENABLE_STRICT_OBJC_MSGSEND = YES;
				ENABLE_USER_SCRIPT_SANDBOXING = YES;
				GCC_C_LANGUAGE_STANDARD = gnu17;
				GCC_NO_COMMON_BLOCKS = YES;
				GCC_WARN_64_TO_32_BIT_CONVERSION = YES;
				GCC_WARN_ABOUT_RETURN_TYPE = YES_ERROR;
				GCC_WARN_UNDECLARED_SELECTOR = YES;
				GCC_WARN_UNINITIALIZED_AUTOS = YES_AGGRESSIVE;
				GCC_WARN_UNUSED_FUNCTION = YES;
				GCC_WARN_UNUSED_VARIABLE = YES;
				LOCALIZATION_PREFERS_STRING_CATALOGS = YES;
				MACOSX_DEPLOYMENT_TARGET = 26.4;
				MTL_ENABLE_DEBUG_INFO = NO;
				MTL_FAST_MATH = YES;
				SDKROOT = macosx;
				SWIFT_COMPILATION_MODE = wholemodule;
			};
			name = Release;
		};
		A11A944330577CAD001D0589 /* Debug */ = {
			isa = XCBuildConfiguration;
			buildSettings = {
				CODE_SIGN_STYLE = Automatic;
				CURRENT_PROJECT_VERSION = 1;
				ENABLE_APP_SANDBOX = YES;
				ENABLE_HARDENED_RUNTIME = YES;
				ENABLE_USER_SELECTED_FILES = readonly;
				GENERATE_INFOPLIST_FILE = YES;
				INFOPLIST_FILE = "HII New Tab Extension/Info.plist";
				INFOPLIST_KEY_CFBundleDisplayName = "HII New Tab Extension";
				INFOPLIST_KEY_NSHumanReadableCopyright = "";
				LD_RUNPATH_SEARCH_PATHS = (
					"$(inherited)",
					"@executable_path/../Frameworks",
					"@executable_path/../../../../Frameworks",
				);
				MACOSX_DEPLOYMENT_TARGET = 10.14;
				MARKETING_VERSION = 1.0;
				OTHER_LDFLAGS = (
					"-framework",
					SafariServices,
				);
				PRODUCT_BUNDLE_IDENTIFIER = com.humaninformationinterface.newtab.Extension;
				PRODUCT_NAME = "$(TARGET_NAME)";
				SKIP_INSTALL = YES;
				STRING_CATALOG_GENERATE_SYMBOLS = YES;
				SWIFT_APPROACHABLE_CONCURRENCY = YES;
				SWIFT_EMIT_LOC_STRINGS = YES;
				SWIFT_UPCOMING_FEATURE_MEMBER_IMPORT_VISIBILITY = YES;
				SWIFT_VERSION = 5.0;
			};
			name = Debug;
		};
		A11A944430577CAD001D0589 /* Release */ = {
			isa = XCBuildConfiguration;
			buildSettings = {
				CODE_SIGN_STYLE = Automatic;
				CURRENT_PROJECT_VERSION = 1;
				ENABLE_APP_SANDBOX = YES;
				ENABLE_HARDENED_RUNTIME = YES;
				ENABLE_USER_SELECTED_FILES = readonly;
				GENERATE_INFOPLIST_FILE = YES;
				INFOPLIST_FILE = "HII New Tab Extension/Info.plist";
				INFOPLIST_KEY_CFBundleDisplayName = "HII New Tab Extension";
				INFOPLIST_KEY_NSHumanReadableCopyright = "";
				LD_RUNPATH_SEARCH_PATHS = (
					"$(inherited)",
					"@executable_path/../Frameworks",
					"@executable_path/../../../../Frameworks",
				);
				MACOSX_DEPLOYMENT_TARGET = 10.14;
				MARKETING_VERSION = 1.0;
				OTHER_LDFLAGS = (
					"-framework",
					SafariServices,
				);
				PRODUCT_BUNDLE_IDENTIFIER = com.humaninformationinterface.newtab.Extension;
				PRODUCT_NAME = "$(TARGET_NAME)";
				SKIP_INSTALL = YES;
				STRING_CATALOG_GENERATE_SYMBOLS = YES;
				SWIFT_APPROACHABLE_CONCURRENCY = YES;
				SWIFT_EMIT_LOC_STRINGS = YES;
				SWIFT_UPCOMING_FEATURE_MEMBER_IMPORT_VISIBILITY = YES;
				SWIFT_VERSION = 5.0;
			};
			name = Release;
		};
		A11A944730577CAD001D0589 /* Debug */ = {
			isa = XCBuildConfiguration;
			buildSettings = {
				ASSETCATALOG_COMPILER_APPICON_NAME = AppIcon;
				ASSETCATALOG_COMPILER_GLOBAL_ACCENT_COLOR_NAME = AccentColor;
				CODE_SIGN_STYLE = Automatic;
				COMBINE_HIDPI_IMAGES = YES;
				CURRENT_PROJECT_VERSION = 1;
				ENABLE_APP_SANDBOX = YES;
				ENABLE_HARDENED_RUNTIME = YES;
				ENABLE_OUTGOING_NETWORK_CONNECTIONS = YES;
				ENABLE_USER_SELECTED_FILES = readonly;
				GENERATE_INFOPLIST_FILE = YES;
				INFOPLIST_FILE = "HII New Tab/Info.plist";
				INFOPLIST_KEY_CFBundleDisplayName = "HII New Tab";
				INFOPLIST_KEY_NSHumanReadableCopyright = "";
				INFOPLIST_KEY_NSMainStoryboardFile = Main;
				INFOPLIST_KEY_NSPrincipalClass = NSApplication;
				LD_RUNPATH_SEARCH_PATHS = (
					"$(inherited)",
					"@executable_path/../Frameworks",
				);
				MARKETING_VERSION = 1.0;
				OTHER_LDFLAGS = (
					"-framework",
					SafariServices,
					"-framework",
					WebKit,
				);
				PRODUCT_BUNDLE_IDENTIFIER = com.humaninformationinterface.newtab;
				PRODUCT_NAME = "$(TARGET_NAME)";
				REGISTER_APP_GROUPS = YES;
				STRING_CATALOG_GENERATE_SYMBOLS = YES;
				SWIFT_APPROACHABLE_CONCURRENCY = YES;
				SWIFT_DEFAULT_ACTOR_ISOLATION = MainActor;
				SWIFT_EMIT_LOC_STRINGS = YES;
				SWIFT_UPCOMING_FEATURE_MEMBER_IMPORT_VISIBILITY = YES;
				SWIFT_VERSION = 5.0;
			};
			name = Debug;
		};
		A11A944830577CAD001D0589 /* Release */ = {
			isa = XCBuildConfiguration;
			buildSettings = {
				ASSETCATALOG_COMPILER_APPICON_NAME = AppIcon;
				ASSETCATALOG_COMPILER_GLOBAL_ACCENT_COLOR_NAME = AccentColor;
				CODE_SIGN_STYLE = Automatic;
				COMBINE_HIDPI_IMAGES = YES;
				CURRENT_PROJECT_VERSION = 1;
				ENABLE_APP_SANDBOX = YES;
				ENABLE_HARDENED_RUNTIME = YES;
				ENABLE_OUTGOING_NETWORK_CONNECTIONS = YES;
				ENABLE_USER_SELECTED_FILES = readonly;
				GENERATE_INFOPLIST_FILE = YES;
				INFOPLIST_FILE = "HII New Tab/Info.plist";
				INFOPLIST_KEY_CFBundleDisplayName = "HII New Tab";
				INFOPLIST_KEY_NSHumanReadableCopyright = "";
				INFOPLIST_KEY_NSMainStoryboardFile = Main;
				INFOPLIST_KEY_NSPrincipalClass = NSApplication;
				LD_RUNPATH_SEARCH_PATHS = (
					"$(inherited)",
					"@executable_path/../Frameworks",
				);
				MARKETING_VERSION = 1.0;
				OTHER_LDFLAGS = (
					"-framework",
					SafariServices,
					"-framework",
					WebKit,
				);
				PRODUCT_BUNDLE_IDENTIFIER = com.humaninformationinterface.newtab;
				PRODUCT_NAME = "$(TARGET_NAME)";
				REGISTER_APP_GROUPS = YES;
				STRING_CATALOG_GENERATE_SYMBOLS = YES;
				SWIFT_APPROACHABLE_CONCURRENCY = YES;
				SWIFT_DEFAULT_ACTOR_ISOLATION = MainActor;
				SWIFT_EMIT_LOC_STRINGS = YES;
				SWIFT_UPCOMING_FEATURE_MEMBER_IMPORT_VISIBILITY = YES;
				SWIFT_VERSION = 5.0;
			};
			name = Release;
		};
/* End XCBuildConfiguration section */

/* Begin XCConfigurationList section */
		A11A941830577CAC001D0589 /* Build configuration list for PBXProject "HII New Tab" */ = {
			isa = XCConfigurationList;
			buildConfigurations = (
				A11A944030577CAD001D0589 /* Debug */,
				A11A944130577CAD001D0589 /* Release */,
			);
			defaultConfigurationIsVisible = 0;
			defaultConfigurationName = Release;
		};
		A11A944230577CAD001D0589 /* Build configuration list for PBXNativeTarget "HII New Tab Extension" */ = {
			isa = XCConfigurationList;
			buildConfigurations = (
				A11A944330577CAD001D0589 /* Debug */,
				A11A944430577CAD001D0589 /* Release */,
			);
			defaultConfigurationIsVisible = 0;
			defaultConfigurationName = Release;
		};
		A11A944630577CAD001D0589 /* Build configuration list for PBXNativeTarget "HII New Tab" */ = {
			isa = XCConfigurationList;
			buildConfigurations = (
				A11A944730577CAD001D0589 /* Debug */,
				A11A944830577CAD001D0589 /* Release */,
			);
			defaultConfigurationIsVisible = 0;
			defaultConfigurationName = Release;
		};
/* End XCConfigurationList section */
	};
	rootObject = A11A941530577CAC001D0589 /* Project object */;
}
